
Microsoft Visual Studio Solution File, Format Version 12.00
# Visual Studio Version 17
VisualStudioVersion = 17.3.32929.385
MinimumVisualStudioVersion = 10.0.40219.1
Project("{FAE04EC0-301F-11D3-BF4B-00C04F79EFBC}") = "WinFormsLibrary1", "WinFormsLibrary1.csproj", "{898BE4DA-63E9-406F-909F-8453E0B2AF45}"
EndProject
Global
	GlobalSection(SolutionConfigurationPlatforms) = preSolution
		Debug|Any CPU = Debug|Any CPU
		Release|Any CPU = Release|Any CPU
	EndGlobalSection
	GlobalSection(ProjectConfigurationPlatforms) = postSolution
		{898BE4DA-63E9-406F-909F-8453E0B2AF45}.Debug|Any CPU.ActiveCfg = Debug|Any CPU
		{898BE4DA-63E9-406F-909F-8453E0B2AF45}.Debug|Any CPU.Build.0 = Debug|Any CPU
		{898BE4DA-63E9-406F-909F-8453E0B2AF45}.Release|Any CPU.ActiveCfg = Release|Any CPU
		{898BE4DA-63E9-406F-909F-8453E0B2AF45}.Release|Any CPU.Build.0 = Release|Any CPU
	EndGlobalSection
	GlobalSection(SolutionProperties) = preSolution
		HideSolutionNode = FALSE
	EndGlobalSection
	GlobalSection(ExtensibilityGlobals) = postSolution
		SolutionGuid = {1D4EABB9-A273-4F1A-9C64-892A4497029E}
	EndGlobalSection
EndGlobal
