
Microsoft Visual Studio Solution File, Format Version 12.00
# Visual Studio Version 17
VisualStudioVersion = 17.3.32929.385
MinimumVisualStudioVersion = 10.0.40219.1
Project("{FAE04EC0-301F-11D3-BF4B-00C04F79EFBC}") = "ClassLibrary2", "ClassLibrary2.csproj", "{940E3E86-E03A-4F04-A940-DC286356C869}"
EndProject
Global
	GlobalSection(SolutionConfigurationPlatforms) = preSolution
		Debug|Any CPU = Debug|Any CPU
		Release|Any CPU = Release|Any CPU
	EndGlobalSection
	GlobalSection(ProjectConfigurationPlatforms) = postSolution
		{940E3E86-E03A-4F04-A940-DC286356C869}.Debug|Any CPU.ActiveCfg = Debug|Any CPU
		{940E3E86-E03A-4F04-A940-DC286356C869}.Debug|Any CPU.Build.0 = Debug|Any CPU
		{940E3E86-E03A-4F04-A940-DC286356C869}.Release|Any CPU.ActiveCfg = Release|Any CPU
		{940E3E86-E03A-4F04-A940-DC286356C869}.Release|Any CPU.Build.0 = Release|Any CPU
	EndGlobalSection
	GlobalSection(SolutionProperties) = preSolution
		HideSolutionNode = FALSE
	EndGlobalSection
	GlobalSection(ExtensibilityGlobals) = postSolution
		SolutionGuid = {482A71B1-F75B-428D-8671-AAE6E2FA3C95}
	EndGlobalSection
EndGlobal
