
Microsoft Visual Studio Solution File, Format Version 12.00
# Visual Studio Version 17
VisualStudioVersion = 17.3.32929.385
MinimumVisualStudioVersion = 10.0.40219.1
Project("{FAE04EC0-301F-11D3-BF4B-00C04F79EFBC}") = "abdullah", "abdullah.csproj", "{FCAB60C0-ADB5-4AEB-8082-38C19F39C4F2}"
EndProject
Global
	GlobalSection(SolutionConfigurationPlatforms) = preSolution
		Debug|Any CPU = Debug|Any CPU
		Release|Any CPU = Release|Any CPU
	EndGlobalSection
	GlobalSection(ProjectConfigurationPlatforms) = postSolution
		{FCAB60C0-ADB5-4AEB-8082-38C19F39C4F2}.Debug|Any CPU.ActiveCfg = Debug|Any CPU
		{FCAB60C0-ADB5-4AEB-8082-38C19F39C4F2}.Debug|Any CPU.Build.0 = Debug|Any CPU
		{FCAB60C0-ADB5-4AEB-8082-38C19F39C4F2}.Release|Any CPU.ActiveCfg = Release|Any CPU
		{FCAB60C0-ADB5-4AEB-8082-38C19F39C4F2}.Release|Any CPU.Build.0 = Release|Any CPU
	EndGlobalSection
	GlobalSection(SolutionProperties) = preSolution
		HideSolutionNode = FALSE
	EndGlobalSection
	GlobalSection(ExtensibilityGlobals) = postSolution
		SolutionGuid = {DF70144E-7727-4F6C-8036-DDA6A86020CA}
	EndGlobalSection
EndGlobal
